{
    "_readme": [
        "This file locks the dependencies of your project to a known state",
        "Read more about it at http://getcomposer.org/doc/01-basic-usage.md#composer-lock-the-lock-file"
    ],
    "hash": "9b130a34fc90a39e44843846445391f7",
    "packages": [
        {
            "name": "ironer/base62shrink",
            "version": "dev-master",
            "source": {
                "type": "git",
                "url": "https://github.com/ironer/base62shrink.git",
                "reference": "571e2e3a5cbe7ff250a49ae72ef5b89de665d25f"
            },
            "dist": {
                "type": "zip",
                "url": "https://api.github.com/repos/ironer/base62shrink/zipball/571e2e3a5cbe7ff250a49ae72ef5b89de665d25f",
                "reference": "571e2e3a5cbe7ff250a49ae72ef5b89de665d25f",
                "shasum": ""
            },
            "type": "library",
            "autoload": {
                "classmap": [
                    "Base62Shrink/"
                ],
                "files": [
                    "Base62Shrink/loader.php"
                ]
            },
            "notification-url": "https://packagist.org/downloads/",
            "license": [
                "BSD-3-Clause",
                "GPL-2.0",
                "GPL-3.0"
            ],
            "authors": [
                {
                    "name": "Stefan Fiedler",
                    "email": "ironer80@gmail.com"
                }
            ],
            "description": "Simple javascript to perform LZW compression on longer structured or repetitive UTF8 data (like stringified JSON) to some universally web safe form. Simple PHP class for server side data processing.",
            "keywords": [
                "compression"
            ],
            "time": "2013-05-31 06:30:54"
        },
        {
            "name": "ironer/timedebug",
            "version": "dev-master",
            "source": {
                "type": "git",
                "url": "https://github.com/ironer/timedebug.git",
                "reference": "b11f60c5855936b48b2e31b032a4335eebef63c4"
            },
            "dist": {
                "type": "zip",
                "url": "https://api.github.com/repos/ironer/timedebug/zipball/b11f60c5855936b48b2e31b032a4335eebef63c4",
                "reference": "b11f60c5855936b48b2e31b032a4335eebef63c4",
                "shasum": ""
            },
            "require": {
                "ironer/base62shrink": "@dev"
            },
            "type": "library",
            "autoload": {
                "classmap": [
                    "TimeDebug/"
                ]
            },
            "notification-url": "https://packagist.org/downloads/",
            "license": [
                "BSD-3-Clause",
                "GPL-2.0",
                "GPL-3.0"
            ],
            "authors": [
                {
                    "name": "Stefan Fiedler",
                    "email": "ironer80@gmail.com"
                }
            ],
            "description": "debugging and modeling tool for PHP",
            "keywords": [
                "debugging",
                "modeling"
            ],
            "time": "2013-06-02 14:16:44"
        }
    ],
    "packages-dev": [

    ],
    "aliases": [

    ],
    "minimum-stability": "dev",
    "stability-flags": {
        "ironer/timedebug": 20
    },
    "platform": [

    ],
    "platform-dev": [

    ]
}
